
Microsoft Visual Studio Solution File, Format Version 12.00
# Visual Studio 15
Project("{FAE04EC0-301F-11D3-BF4B-00C04F79EFBC}") = "Assembly-CSharp-Editor", "Assembly-CSharp-Editor.csproj", "{8482553D-1F13-69C6-43B0-670693C67F88}"
EndProject
Project("{FAE04EC0-301F-11D3-BF4B-00C04F79EFBC}") = "Assembly-CSharp", "Assembly-CSharp.csproj", "{5A799632-0C10-974B-8EF1-3B21EC945DCE}"
EndProject
Project("{FAE04EC0-301F-11D3-BF4B-00C04F79EFBC}") = "SteamVR", "SteamVR.csproj", "{1914E9DF-43E7-B28D-488F-7D183FE75BC9}"
EndProject
Project("{FAE04EC0-301F-11D3-BF4B-00C04F79EFBC}") = "SteamVR_Editor", "SteamVR_Editor.csproj", "{528BE2EB-74EC-6DB0-EF3D-4A0B6F23AA25}"
EndProject
Project("{FAE04EC0-301F-11D3-BF4B-00C04F79EFBC}") = "SteamVR_Input_Editor", "SteamVR_Input_Editor.csproj", "{E3E14001-0827-9444-5CEB-69DDF7350052}"
EndProject
Project("{FAE04EC0-301F-11D3-BF4B-00C04F79EFBC}") = "BNGHandPoseID", "BNGHandPoseID.csproj", "{D88CA6CD-5AF7-FB3D-120F-AC947949E48D}"
EndProject
Project("{FAE04EC0-301F-11D3-BF4B-00C04F79EFBC}") = "SteamVR_Actions", "SteamVR_Actions.csproj", "{B0017590-181D-1DFB-334D-DD647D8D4D72}"
EndProject
Project("{FAE04EC0-301F-11D3-BF4B-00C04F79EFBC}") = "SteamVR_Windows_EditorHelper", "SteamVR_Windows_EditorHelper.csproj", "{D8BB1C6B-CB4D-89E4-3CD6-14A73B48D7A3}"
EndProject
Global
	GlobalSection(SolutionConfigurationPlatforms) = preSolution
		Debug|Any CPU = Debug|Any CPU
		Release|Any CPU = Release|Any CPU
	EndGlobalSection
	GlobalSection(ProjectConfigurationPlatforms) = postSolution
		{8482553D-1F13-69C6-43B0-670693C67F88}.Debug|Any CPU.ActiveCfg = Debug|Any CPU
		{8482553D-1F13-69C6-43B0-670693C67F88}.Debug|Any CPU.Build.0 = Debug|Any CPU
		{8482553D-1F13-69C6-43B0-670693C67F88}.Release|Any CPU.ActiveCfg = Release|Any CPU
		{8482553D-1F13-69C6-43B0-670693C67F88}.Release|Any CPU.Build.0 = Release|Any CPU
		{5A799632-0C10-974B-8EF1-3B21EC945DCE}.Debug|Any CPU.ActiveCfg = Debug|Any CPU
		{5A799632-0C10-974B-8EF1-3B21EC945DCE}.Debug|Any CPU.Build.0 = Debug|Any CPU
		{5A799632-0C10-974B-8EF1-3B21EC945DCE}.Release|Any CPU.ActiveCfg = Release|Any CPU
		{5A799632-0C10-974B-8EF1-3B21EC945DCE}.Release|Any CPU.Build.0 = Release|Any CPU
		{1914E9DF-43E7-B28D-488F-7D183FE75BC9}.Debug|Any CPU.ActiveCfg = Debug|Any CPU
		{1914E9DF-43E7-B28D-488F-7D183FE75BC9}.Debug|Any CPU.Build.0 = Debug|Any CPU
		{1914E9DF-43E7-B28D-488F-7D183FE75BC9}.Release|Any CPU.ActiveCfg = Release|Any CPU
		{1914E9DF-43E7-B28D-488F-7D183FE75BC9}.Release|Any CPU.Build.0 = Release|Any CPU
		{528BE2EB-74EC-6DB0-EF3D-4A0B6F23AA25}.Debug|Any CPU.ActiveCfg = Debug|Any CPU
		{528BE2EB-74EC-6DB0-EF3D-4A0B6F23AA25}.Debug|Any CPU.Build.0 = Debug|Any CPU
		{528BE2EB-74EC-6DB0-EF3D-4A0B6F23AA25}.Release|Any CPU.ActiveCfg = Release|Any CPU
		{528BE2EB-74EC-6DB0-EF3D-4A0B6F23AA25}.Release|Any CPU.Build.0 = Release|Any CPU
		{E3E14001-0827-9444-5CEB-69DDF7350052}.Debug|Any CPU.ActiveCfg = Debug|Any CPU
		{E3E14001-0827-9444-5CEB-69DDF7350052}.Debug|Any CPU.Build.0 = Debug|Any CPU
		{E3E14001-0827-9444-5CEB-69DDF7350052}.Release|Any CPU.ActiveCfg = Release|Any CPU
		{E3E14001-0827-9444-5CEB-69DDF7350052}.Release|Any CPU.Build.0 = Release|Any CPU
		{D88CA6CD-5AF7-FB3D-120F-AC947949E48D}.Debug|Any CPU.ActiveCfg = Debug|Any CPU
		{D88CA6CD-5AF7-FB3D-120F-AC947949E48D}.Debug|Any CPU.Build.0 = Debug|Any CPU
		{D88CA6CD-5AF7-FB3D-120F-AC947949E48D}.Release|Any CPU.ActiveCfg = Release|Any CPU
		{D88CA6CD-5AF7-FB3D-120F-AC947949E48D}.Release|Any CPU.Build.0 = Release|Any CPU
		{B0017590-181D-1DFB-334D-DD647D8D4D72}.Debug|Any CPU.ActiveCfg = Debug|Any CPU
		{B0017590-181D-1DFB-334D-DD647D8D4D72}.Debug|Any CPU.Build.0 = Debug|Any CPU
		{B0017590-181D-1DFB-334D-DD647D8D4D72}.Release|Any CPU.ActiveCfg = Release|Any CPU
		{B0017590-181D-1DFB-334D-DD647D8D4D72}.Release|Any CPU.Build.0 = Release|Any CPU
		{D8BB1C6B-CB4D-89E4-3CD6-14A73B48D7A3}.Debug|Any CPU.ActiveCfg = Debug|Any CPU
		{D8BB1C6B-CB4D-89E4-3CD6-14A73B48D7A3}.Debug|Any CPU.Build.0 = Debug|Any CPU
		{D8BB1C6B-CB4D-89E4-3CD6-14A73B48D7A3}.Release|Any CPU.ActiveCfg = Release|Any CPU
		{D8BB1C6B-CB4D-89E4-3CD6-14A73B48D7A3}.Release|Any CPU.Build.0 = Release|Any CPU
	EndGlobalSection
	GlobalSection(SolutionProperties) = preSolution
		HideSolutionNode = FALSE
	EndGlobalSection
EndGlobal
